
Microsoft Visual Studio Solution File, Format Version 12.00
# Visual Studio Version 16
VisualStudioVersion = 16.0.35026.282
MinimumVisualStudioVersion = 10.0.40219.1
Project("{FAE04EC0-301F-11D3-BF4B-00C04F79EFBC}") = "NhacCuaTui", "NhacCuaTui\NhacCuaTui.csproj", "{79318959-1AF9-4487-A65F-30B91327B530}"
EndProject
Global
	GlobalSection(SolutionConfigurationPlatforms) = preSolution
		Debug|Any CPU = Debug|Any CPU
		Release|Any CPU = Release|Any CPU
	EndGlobalSection
	GlobalSection(ProjectConfigurationPlatforms) = postSolution
		{79318959-1AF9-4487-A65F-30B91327B530}.Debug|Any CPU.ActiveCfg = Debug|Any CPU
		{79318959-1AF9-4487-A65F-30B91327B530}.Debug|Any CPU.Build.0 = Debug|Any CPU
		{79318959-1AF9-4487-A65F-30B91327B530}.Release|Any CPU.ActiveCfg = Release|Any CPU
		{79318959-1AF9-4487-A65F-30B91327B530}.Release|Any CPU.Build.0 = Release|Any CPU
	EndGlobalSection
	GlobalSection(SolutionProperties) = preSolution
		HideSolutionNode = FALSE
	EndGlobalSection
	GlobalSection(ExtensibilityGlobals) = postSolution
		SolutionGuid = {3C862BD5-BEBC-4669-B2DC-4D248E26F8A0}
	EndGlobalSection
EndGlobal
